[{<<"enacl">>,
  {git,"https://github.com/aeternity/enacl.git",
       {ref,"38ffc761096c18d552b9b1037daff4de7bbe2eca"}},
  0},
 {<<"erlang-uuid">>,
  {git,"https://github.com/avtobiff/erlang-uuid.git",
       {ref,"cb02a2039a9b29dd2eef0446039c9c6e164df9ef"}},
  0},
 {<<"zj">>,
  {git,"https://gitlab.com/zxq9/zj.git",
       {ref,"946b1194cb6b43a0dec0b2bf353794ebab1d11c9"}},
  0}].
